
Microsoft Visual Studio Solution File, Format Version 12.00
# Visual Studio Version 16
VisualStudioVersion = 16.0.31729.503
MinimumVisualStudioVersion = 10.0.40219.1
Project("{9A19103F-16F7-4668-BE54-9A1E7A4F7556}") = "L.R N4", "L.R N4\L.R N4.csproj", "{D806EB82-2D06-4E99-AC36-32C2D207D8E4}"
EndProject
Project("{FAE04EC0-301F-11D3-BF4B-00C04F79EFBC}") = "LR4 Tests", "LR4 Tests\LR4 Tests.csproj", "{56BF4FC0-CD62-43EB-9BCD-EB30DC48EB7B}"
EndProject
Global
	GlobalSection(SolutionConfigurationPlatforms) = preSolution
		Debug|Any CPU = Debug|Any CPU
		Release|Any CPU = Release|Any CPU
	EndGlobalSection
	GlobalSection(ProjectConfigurationPlatforms) = postSolution
		{D806EB82-2D06-4E99-AC36-32C2D207D8E4}.Debug|Any CPU.ActiveCfg = Debug|Any CPU
		{D806EB82-2D06-4E99-AC36-32C2D207D8E4}.Debug|Any CPU.Build.0 = Debug|Any CPU
		{D806EB82-2D06-4E99-AC36-32C2D207D8E4}.Release|Any CPU.ActiveCfg = Release|Any CPU
		{D806EB82-2D06-4E99-AC36-32C2D207D8E4}.Release|Any CPU.Build.0 = Release|Any CPU
		{56BF4FC0-CD62-43EB-9BCD-EB30DC48EB7B}.Debug|Any CPU.ActiveCfg = Debug|Any CPU
		{56BF4FC0-CD62-43EB-9BCD-EB30DC48EB7B}.Debug|Any CPU.Build.0 = Debug|Any CPU
		{56BF4FC0-CD62-43EB-9BCD-EB30DC48EB7B}.Release|Any CPU.ActiveCfg = Release|Any CPU
		{56BF4FC0-CD62-43EB-9BCD-EB30DC48EB7B}.Release|Any CPU.Build.0 = Release|Any CPU
	EndGlobalSection
	GlobalSection(SolutionProperties) = preSolution
		HideSolutionNode = FALSE
	EndGlobalSection
	GlobalSection(ExtensibilityGlobals) = postSolution
		SolutionGuid = {4AEFF4D8-F198-43A1-B563-3C1D6D63AEB9}
	EndGlobalSection
EndGlobal
